
Microsoft Visual Studio Solution File, Format Version 12.00
# Visual Studio Version 16
VisualStudioVersion = 16.0.33328.57
MinimumVisualStudioVersion = 10.0.40219.1
Project("{FAE04EC0-301F-11D3-BF4B-00C04F79EFBC}") = "libPunto6", "libPunto6\libPunto6.csproj", "{E224F3D1-A979-46CB-B7CA-B776CABE83D3}"
EndProject
Global
	GlobalSection(SolutionConfigurationPlatforms) = preSolution
		Debug|Any CPU = Debug|Any CPU
		Release|Any CPU = Release|Any CPU
	EndGlobalSection
	GlobalSection(ProjectConfigurationPlatforms) = postSolution
		{E224F3D1-A979-46CB-B7CA-B776CABE83D3}.Debug|Any CPU.ActiveCfg = Debug|Any CPU
		{E224F3D1-A979-46CB-B7CA-B776CABE83D3}.Debug|Any CPU.Build.0 = Debug|Any CPU
		{E224F3D1-A979-46CB-B7CA-B776CABE83D3}.Release|Any CPU.ActiveCfg = Release|Any CPU
		{E224F3D1-A979-46CB-B7CA-B776CABE83D3}.Release|Any CPU.Build.0 = Release|Any CPU
	EndGlobalSection
	GlobalSection(SolutionProperties) = preSolution
		HideSolutionNode = FALSE
	EndGlobalSection
	GlobalSection(ExtensibilityGlobals) = postSolution
		SolutionGuid = {192A01E9-6C9C-49E7-8A31-70FBF0519204}
	EndGlobalSection
EndGlobal
